// !$*UTF8*$!
{
	archiveVersion = 1;
	classes = {
	};
	objectVersion = 48;
	objects = {

/* Begin PBXBuildFile section */
		4415E2D41FA1AF930037AC0A /* AppDelegate.swift in Sources */ = {isa = PBXBuildFile; fileRef = 4415E2D31FA1AF930037AC0A /* AppDelegate.swift */; };
		4415E2D61FA1AF930037AC0A /* SignInVC.swift in Sources */ = {isa = PBXBuildFile; fileRef = 4415E2D51FA1AF930037AC0A /* SignInVC.swift */; };
		4415E2D91FA1AF930037AC0A /* Main.storyboard in Resources */ = {isa = PBXBuildFile; fileRef = 4415E2D71FA1AF930037AC0A /* Main.storyboard */; };
		4415E2DB1FA1AF930037AC0A /* Assets.xcassets in Resources */ = {isa = PBXBuildFile; fileRef = 4415E2DA1FA1AF930037AC0A /* Assets.xcassets */; };
		4415E2DE1FA1AF930037AC0A /* LaunchScreen.storyboard in Resources */ = {isa = PBXBuildFile; fileRef = 4415E2DC1FA1AF930037AC0A /* LaunchScreen.storyboard */; };
		4415E2EA1FA402F60037AC0A /* GoogleService-Info.plist in Resources */ = {isa = PBXBuildFile; fileRef = 4415E2E91FA402F60037AC0A /* GoogleService-Info.plist */; };
		4415E2EF1FA405390037AC0A /* CustomHeaderView.swift in Sources */ = {isa = PBXBuildFile; fileRef = 4415E2EE1FA405390037AC0A /* CustomHeaderView.swift */; };
		4415E2F21FA405B40037AC0A /* Constants.swift in Sources */ = {isa = PBXBuildFile; fileRef = 4415E2F11FA405B40037AC0A /* Constants.swift */; };
		4415E2F41FA408810037AC0A /* RoundButton.swift in Sources */ = {isa = PBXBuildFile; fileRef = 4415E2F31FA408810037AC0A /* RoundButton.swift */; };
		4415E2F61FA40DAC0037AC0A /* CustomTextField.swift in Sources */ = {isa = PBXBuildFile; fileRef = 4415E2F51FA40DAC0037AC0A /* CustomTextField.swift */; };
		4415E2F81FA412300037AC0A /* LogInButton.swift in Sources */ = {isa = PBXBuildFile; fileRef = 4415E2F71FA412300037AC0A /* LogInButton.swift */; };
		6B0B3891E97595C72FEA7FCB /* Pods_iCharades2point0.framework in Frameworks */ = {isa = PBXBuildFile; fileRef = 00A14E8862A8FF588229AFE4 /* Pods_iCharades2point0.framework */; };
/* End PBXBuildFile section */

/* Begin PBXFileReference section */
		00A14E8862A8FF588229AFE4 /* Pods_iCharades2point0.framework */ = {isa = PBXFileReference; explicitFileType = wrapper.framework; includeInIndex = 0; path = Pods_iCharades2point0.framework; sourceTree = BUILT_PRODUCTS_DIR; };
		3A8DA5F5C9361464D37019E1 /* Pods-iCharades2point0.release.xcconfig */ = {isa = PBXFileReference; includeInIndex = 1; lastKnownFileType = text.xcconfig; name = "Pods-iCharades2point0.release.xcconfig"; path = "Pods/Target Support Files/Pods-iCharades2point0/Pods-iCharades2point0.release.xcconfig"; sourceTree = "<group>"; };
		4415E2D01FA1AF930037AC0A /* iCharades2point0.app */ = {isa = PBXFileReference; explicitFileType = wrapper.application; includeInIndex = 0; path = iCharades2point0.app; sourceTree = BUILT_PRODUCTS_DIR; };
		4415E2D31FA1AF930037AC0A /* AppDelegate.swift */ = {isa = PBXFileReference; lastKnownFileType = sourcecode.swift; path = AppDelegate.swift; sourceTree = "<group>"; };
		4415E2D51FA1AF930037AC0A /* SignInVC.swift */ = {isa = PBXFileReference; lastKnownFileType = sourcecode.swift; path = SignInVC.swift; sourceTree = "<group>"; };
		4415E2D81FA1AF930037AC0A /* Base */ = {isa = PBXFileReference; lastKnownFileType = file.storyboard; name = Base; path = Base.lproj/Main.storyboard; sourceTree = "<group>"; };
		4415E2DA1FA1AF930037AC0A /* Assets.xcassets */ = {isa = PBXFileReference; lastKnownFileType = folder.assetcatalog; path = Assets.xcassets; sourceTree = "<group>"; };
		4415E2DD1FA1AF930037AC0A /* Base */ = {isa = PBXFileReference; lastKnownFileType = file.storyboard; name = Base; path = Base.lproj/LaunchScreen.storyboard; sourceTree = "<group>"; };
		4415E2DF1FA1AF930037AC0A /* Info.plist */ = {isa = PBXFileReference; lastKnownFileType = text.plist.xml; path = Info.plist; sourceTree = "<group>"; };
		4415E2E91FA402F60037AC0A /* GoogleService-Info.plist */ = {isa = PBXFileReference; fileEncoding = 4; lastKnownFileType = text.plist.xml; path = "GoogleService-Info.plist"; sourceTree = "<group>"; };
		4415E2EE1FA405390037AC0A /* CustomHeaderView.swift */ = {isa = PBXFileReference; lastKnownFileType = sourcecode.swift; path = CustomHeaderView.swift; sourceTree = "<group>"; };
		4415E2F11FA405B40037AC0A /* Constants.swift */ = {isa = PBXFileReference; lastKnownFileType = sourcecode.swift; path = Constants.swift; sourceTree = "<group>"; };
		4415E2F31FA408810037AC0A /* RoundButton.swift */ = {isa = PBXFileReference; lastKnownFileType = sourcecode.swift; path = RoundButton.swift; sourceTree = "<group>"; };
		4415E2F51FA40DAC0037AC0A /* CustomTextField.swift */ = {isa = PBXFileReference; lastKnownFileType = sourcecode.swift; path = CustomTextField.swift; sourceTree = "<group>"; };
		4415E2F71FA412300037AC0A /* LogInButton.swift */ = {isa = PBXFileReference; lastKnownFileType = sourcecode.swift; path = LogInButton.swift; sourceTree = "<group>"; };
		7BA14D028080A0DD3E57730C /* Pods-iCharades2point0.debug.xcconfig */ = {isa = PBXFileReference; includeInIndex = 1; lastKnownFileType = text.xcconfig; name = "Pods-iCharades2point0.debug.xcconfig"; path = "Pods/Target Support Files/Pods-iCharades2point0/Pods-iCharades2point0.debug.xcconfig"; sourceTree = "<group>"; };
/* End PBXFileReference section */

/* Begin PBXFrameworksBuildPhase section */
		4415E2CD1FA1AF930037AC0A /* Frameworks */ = {
			isa = PBXFrameworksBuildPhase;
			buildActionMask = 2147483647;
			files = (
				6B0B3891E97595C72FEA7FCB /* Pods_iCharades2point0.framework in Frameworks */,
			);
			runOnlyForDeploymentPostprocessing = 0;
		};
/* End PBXFrameworksBuildPhase section */

/* Begin PBXGroup section */
		1180D95090B004D470BADFDE /* Pods */ = {
			isa = PBXGroup;
			children = (
				7BA14D028080A0DD3E57730C /* Pods-iCharades2point0.debug.xcconfig */,
				3A8DA5F5C9361464D37019E1 /* Pods-iCharades2point0.release.xcconfig */,
			);
			name = Pods;
			sourceTree = "<group>";
		};
		4245BE29632E491EB8D10563 /* Frameworks */ = {
			isa = PBXGroup;
			children = (
				00A14E8862A8FF588229AFE4 /* Pods_iCharades2point0.framework */,
			);
			name = Frameworks;
			sourceTree = "<group>";
		};
		4415E2C71FA1AF930037AC0A = {
			isa = PBXGroup;
			children = (
				4415E2D21FA1AF930037AC0A /* iCharades2point0 */,
				4415E2D11FA1AF930037AC0A /* Products */,
				1180D95090B004D470BADFDE /* Pods */,
				4245BE29632E491EB8D10563 /* Frameworks */,
			);
			sourceTree = "<group>";
		};
		4415E2D11FA1AF930037AC0A /* Products */ = {
			isa = PBXGroup;
			children = (
				4415E2D01FA1AF930037AC0A /* iCharades2point0.app */,
			);
			name = Products;
			sourceTree = "<group>";
		};
		4415E2D21FA1AF930037AC0A /* iCharades2point0 */ = {
			isa = PBXGroup;
			children = (
				4415E2F01FA4059A0037AC0A /* Utilities */,
				4415E2E61FA1B36F0037AC0A /* Model */,
				4415E2E71FA1B3770037AC0A /* Controller */,
				4415E2E81FA1B3810037AC0A /* View */,
				4415E2D31FA1AF930037AC0A /* AppDelegate.swift */,
				4415E2D71FA1AF930037AC0A /* Main.storyboard */,
				4415E2E91FA402F60037AC0A /* GoogleService-Info.plist */,
				4415E2DA1FA1AF930037AC0A /* Assets.xcassets */,
				4415E2DC1FA1AF930037AC0A /* LaunchScreen.storyboard */,
				4415E2DF1FA1AF930037AC0A /* Info.plist */,
			);
			path = iCharades2point0;
			sourceTree = "<group>";
		};
		4415E2E61FA1B36F0037AC0A /* Model */ = {
			isa = PBXGroup;
			children = (
			);
			path = Model;
			sourceTree = "<group>";
		};
		4415E2E71FA1B3770037AC0A /* Controller */ = {
			isa = PBXGroup;
			children = (
				4415E2D51FA1AF930037AC0A /* SignInVC.swift */,
			);
			path = Controller;
			sourceTree = "<group>";
		};
		4415E2E81FA1B3810037AC0A /* View */ = {
			isa = PBXGroup;
			children = (
				4415E2EE1FA405390037AC0A /* CustomHeaderView.swift */,
				4415E2F31FA408810037AC0A /* RoundButton.swift */,
				4415E2F51FA40DAC0037AC0A /* CustomTextField.swift */,
				4415E2F71FA412300037AC0A /* LogInButton.swift */,
			);
			path = View;
			sourceTree = "<group>";
		};
		4415E2F01FA4059A0037AC0A /* Utilities */ = {
			isa = PBXGroup;
			children = (
				4415E2F11FA405B40037AC0A /* Constants.swift */,
			);
			path = Utilities;
			sourceTree = "<group>";
		};
/* End PBXGroup section */

/* Begin PBXNativeTarget section */
		4415E2CF1FA1AF930037AC0A /* iCharades2point0 */ = {
			isa = PBXNativeTarget;
			buildConfigurationList = 4415E2E21FA1AF930037AC0A /* Build configuration list for PBXNativeTarget "iCharades2point0" */;
			buildPhases = (
				0A73BE6E0A5F425E04D30743 /* [CP] Check Pods Manifest.lock */,
				4415E2CC1FA1AF930037AC0A /* Sources */,
				4415E2CD1FA1AF930037AC0A /* Frameworks */,
				4415E2CE1FA1AF930037AC0A /* Resources */,
				B884A37B501AFA1E2BD575EB /* [CP] Embed Pods Frameworks */,
				BB41E632821789B47268A514 /* [CP] Copy Pods Resources */,
			);
			buildRules = (
			);
			dependencies = (
			);
			name = iCharades2point0;
			productName = iCharades2point0;
			productReference = 4415E2D01FA1AF930037AC0A /* iCharades2point0.app */;
			productType = "com.apple.product-type.application";
		};
/* End PBXNativeTarget section */

/* Begin PBXProject section */
		4415E2C81FA1AF930037AC0A /* Project object */ = {
			isa = PBXProject;
			attributes = {
				LastSwiftUpdateCheck = 0900;
				LastUpgradeCheck = 0900;
				ORGANIZATIONNAME = "Felix Kramer";
				TargetAttributes = {
					4415E2CF1FA1AF930037AC0A = {
						CreatedOnToolsVersion = 9.0;
						ProvisioningStyle = Automatic;
					};
				};
			};
			buildConfigurationList = 4415E2CB1FA1AF930037AC0A /* Build configuration list for PBXProject "iCharades2point0" */;
			compatibilityVersion = "Xcode 8.0";
			developmentRegion = en;
			hasScannedForEncodings = 0;
			knownRegions = (
				en,
				Base,
			);
			mainGroup = 4415E2C71FA1AF930037AC0A;
			productRefGroup = 4415E2D11FA1AF930037AC0A /* Products */;
			projectDirPath = "";
			projectRoot = "";
			targets = (
				4415E2CF1FA1AF930037AC0A /* iCharades2point0 */,
			);
		};
/* End PBXProject section */

/* Begin PBXResourcesBuildPhase section */
		4415E2CE1FA1AF930037AC0A /* Resources */ = {
			isa = PBXResourcesBuildPhase;
			buildActionMask = 2147483647;
			files = (
				4415E2DE1FA1AF930037AC0A /* LaunchScreen.storyboard in Resources */,
				4415E2EA1FA402F60037AC0A /* GoogleService-Info.plist in Resources */,
				4415E2DB1FA1AF930037AC0A /* Assets.xcassets in Resources */,
				4415E2D91FA1AF930037AC0A /* Main.storyboard in Resources */,
			);
			runOnlyForDeploymentPostprocessing = 0;
		};
/* End PBXResourcesBuildPhase section */

/* Begin PBXShellScriptBuildPhase section */
		0A73BE6E0A5F425E04D30743 /* [CP] Check Pods Manifest.lock */ = {
			isa = PBXShellScriptBuildPhase;
			buildActionMask = 2147483647;
			files = (
			);
			inputPaths = (
				"${PODS_PODFILE_DIR_PATH}/Podfile.lock",
				"${PODS_ROOT}/Manifest.lock",
			);
			name = "[CP] Check Pods Manifest.lock";
			outputPaths = (
				"$(DERIVED_FILE_DIR)/Pods-iCharades2point0-checkManifestLockResult.txt",
			);
			runOnlyForDeploymentPostprocessing = 0;
			shellPath = /bin/sh;
			shellScript = "diff \"${PODS_PODFILE_DIR_PATH}/Podfile.lock\" \"${PODS_ROOT}/Manifest.lock\" > /dev/null\nif [ $? != 0 ] ; then\n    # print error to STDERR\n    echo \"error: The sandbox is not in sync with the Podfile.lock. Run 'pod install' or update your CocoaPods installation.\" >&2\n    exit 1\nfi\n# This output is used by Xcode 'outputs' to avoid re-running this script phase.\necho \"SUCCESS\" > \"${SCRIPT_OUTPUT_FILE_0}\"\n";
			showEnvVarsInLog = 0;
		};
		B884A37B501AFA1E2BD575EB /* [CP] Embed Pods Frameworks */ = {
			isa = PBXShellScriptBuildPhase;
			buildActionMask = 2147483647;
			files = (
			);
			inputPaths = (
				"${SRCROOT}/Pods/Target Support Files/Pods-iCharades2point0/Pods-iCharades2point0-frameworks.sh",
				"${BUILT_PRODUCTS_DIR}/GTMSessionFetcher/GTMSessionFetcher.framework",
				"${BUILT_PRODUCTS_DIR}/GoogleToolboxForMac/GoogleToolboxForMac.framework",
				"${BUILT_PRODUCTS_DIR}/leveldb-library/leveldb.framework",
				"${BUILT_PRODUCTS_DIR}/nanopb/nanopb.framework",
			);
			name = "[CP] Embed Pods Frameworks";
			outputPaths = (
				"${TARGET_BUILD_DIR}/${FRAMEWORKS_FOLDER_PATH}/GTMSessionFetcher.framework",
				"${TARGET_BUILD_DIR}/${FRAMEWORKS_FOLDER_PATH}/GoogleToolboxForMac.framework",
				"${TARGET_BUILD_DIR}/${FRAMEWORKS_FOLDER_PATH}/leveldb.framework",
				"${TARGET_BUILD_DIR}/${FRAMEWORKS_FOLDER_PATH}/nanopb.framework",
			);
			runOnlyForDeploymentPostprocessing = 0;
			shellPath = /bin/sh;
			shellScript = "\"${SRCROOT}/Pods/Target Support Files/Pods-iCharades2point0/Pods-iCharades2point0-frameworks.sh\"\n";
			showEnvVarsInLog = 0;
		};
		BB41E632821789B47268A514 /* [CP] Copy Pods Resources */ = {
			isa = PBXShellScriptBuildPhase;
			buildActionMask = 2147483647;
			files = (
			);
			inputPaths = (
			);
			name = "[CP] Copy Pods Resources";
			outputPaths = (
			);
			runOnlyForDeploymentPostprocessing = 0;
			shellPath = /bin/sh;
			shellScript = "\"${SRCROOT}/Pods/Target Support Files/Pods-iCharades2point0/Pods-iCharades2point0-resources.sh\"\n";
			showEnvVarsInLog = 0;
		};
/* End PBXShellScriptBuildPhase section */

/* Begin PBXSourcesBuildPhase section */
		4415E2CC1FA1AF930037AC0A /* Sources */ = {
			isa = PBXSourcesBuildPhase;
			buildActionMask = 2147483647;
			files = (
				4415E2D61FA1AF930037AC0A /* SignInVC.swift in Sources */,
				4415E2F41FA408810037AC0A /* RoundButton.swift in Sources */,
				4415E2F81FA412300037AC0A /* LogInButton.swift in Sources */,
				4415E2F61FA40DAC0037AC0A /* CustomTextField.swift in Sources */,
				4415E2EF1FA405390037AC0A /* CustomHeaderView.swift in Sources */,
				4415E2D41FA1AF930037AC0A /* AppDelegate.swift in Sources */,
				4415E2F21FA405B40037AC0A /* Constants.swift in Sources */,
			);
			runOnlyForDeploymentPostprocessing = 0;
		};
/* End PBXSourcesBuildPhase section */

/* Begin PBXVariantGroup section */
		4415E2D71FA1AF930037AC0A /* Main.storyboard */ = {
			isa = PBXVariantGroup;
			children = (
				4415E2D81FA1AF930037AC0A /* Base */,
			);
			name = Main.storyboard;
			sourceTree = "<group>";
		};
		4415E2DC1FA1AF930037AC0A /* LaunchScreen.storyboard */ = {
			isa = PBXVariantGroup;
			children = (
				4415E2DD1FA1AF930037AC0A /* Base */,
			);
			name = LaunchScreen.storyboard;
			sourceTree = "<group>";
		};
/* End PBXVariantGroup section */

/* Begin XCBuildConfiguration section */
		4415E2E01FA1AF930037AC0A /* Debug */ = {
			isa = XCBuildConfiguration;
			buildSettings = {
				ALWAYS_SEARCH_USER_PATHS = NO;
				CLANG_ANALYZER_NONNULL = YES;
				CLANG_ANALYZER_NUMBER_OBJECT_CONVERSION = YES_AGGRESSIVE;
				CLANG_CXX_LANGUAGE_STANDARD = "gnu++14";
				CLANG_CXX_LIBRARY = "libc++";
				CLANG_ENABLE_MODULES = YES;
				CLANG_ENABLE_OBJC_ARC = YES;
				CLANG_WARN_BLOCK_CAPTURE_AUTORELEASING = YES;
				CLANG_WARN_BOOL_CONVERSION = YES;
				CLANG_WARN_COMMA = YES;
				CLANG_WARN_CONSTANT_CONVERSION = YES;
				CLANG_WARN_DIRECT_OBJC_ISA_USAGE = YES_ERROR;
				CLANG_WARN_DOCUMENTATION_COMMENTS = YES;
				CLANG_WARN_EMPTY_BODY = YES;
				CLANG_WARN_ENUM_CONVERSION = YES;
				CLANG_WARN_INFINITE_RECURSION = YES;
				CLANG_WARN_INT_CONVERSION = YES;
				CLANG_WARN_NON_LITERAL_NULL_CONVERSION = YES;
				CLANG_WARN_OBJC_LITERAL_CONVERSION = YES;
				CLANG_WARN_OBJC_ROOT_CLASS = YES_ERROR;
				CLANG_WARN_RANGE_LOOP_ANALYSIS = YES;
				CLANG_WARN_STRICT_PROTOTYPES = YES;
				CLANG_WARN_SUSPICIOUS_MOVE = YES;
				CLANG_WARN_UNGUARDED_AVAILABILITY = YES_AGGRESSIVE;
				CLANG_WARN_UNREACHABLE_CODE = YES;
				CLANG_WARN__DUPLICATE_METHOD_MATCH = YES;
				CODE_SIGN_IDENTITY = "iPhone Developer";
				COPY_PHASE_STRIP = NO;
				DEBUG_INFORMATION_FORMAT = dwarf;
				ENABLE_STRICT_OBJC_MSGSEND = YES;
				ENABLE_TESTABILITY = YES;
				GCC_C_LANGUAGE_STANDARD = gnu11;
				GCC_DYNAMIC_NO_PIC = NO;
				GCC_NO_COMMON_BLOCKS = YES;
				GCC_OPTIMIZATION_LEVEL = 0;
				GCC_PREPROCESSOR_DEFINITIONS = (
					"DEBUG=1",
					"$(inherited)",
				);
				GCC_WARN_64_TO_32_BIT_CONVERSION = YES;
				GCC_WARN_ABOUT_RETURN_TYPE = YES_ERROR;
				GCC_WARN_UNDECLARED_SELECTOR = YES;
				GCC_WARN_UNINITIALIZED_AUTOS = YES_AGGRESSIVE;
				GCC_WARN_UNUSED_FUNCTION = YES;
				GCC_WARN_UNUSED_VARIABLE = YES;
				IPHONEOS_DEPLOYMENT_TARGET = 11.0;
				MTL_ENABLE_DEBUG_INFO = YES;
				ONLY_ACTIVE_ARCH = YES;
				SDKROOT = iphoneos;
				SWIFT_ACTIVE_COMPILATION_CONDITIONS = DEBUG;
				SWIFT_OPTIMIZATION_LEVEL = "-Onone";
			};
			name = Debug;
		};
		4415E2E11FA1AF930037AC0A /* Release */ = {
			isa = XCBuildConfiguration;
			buildSettings = {
				ALWAYS_SEARCH_USER_PATHS = NO;
				CLANG_ANALYZER_NONNULL = YES;
				CLANG_ANALYZER_NUMBER_OBJECT_CONVERSION = YES_AGGRESSIVE;
				CLANG_CXX_LANGUAGE_STANDARD = "gnu++14";
				CLANG_CXX_LIBRARY = "libc++";
				CLANG_ENABLE_MODULES = YES;
				CLANG_ENABLE_OBJC_ARC = YES;
				CLANG_WARN_BLOCK_CAPTURE_AUTORELEASING = YES;
				CLANG_WARN_BOOL_CONVERSION = YES;
				CLANG_WARN_COMMA = YES;
				CLANG_WARN_CONSTANT_CONVERSION = YES;
				CLANG_WARN_DIRECT_OBJC_ISA_USAGE = YES_ERROR;
				CLANG_WARN_DOCUMENTATION_COMMENTS = YES;
				CLANG_WARN_EMPTY_BODY = YES;
				CLANG_WARN_ENUM_CONVERSION = YES;
				CLANG_WARN_INFINITE_RECURSION = YES;
				CLANG_WARN_INT_CONVERSION = YES;
				CLANG_WARN_NON_LITERAL_NULL_CONVERSION = YES;
				CLANG_WARN_OBJC_LITERAL_CONVERSION = YES;
				CLANG_WARN_OBJC_ROOT_CLASS = YES_ERROR;
				CLANG_WARN_RANGE_LOOP_ANALYSIS = YES;
				CLANG_WARN_STRICT_PROTOTYPES = YES;
				CLANG_WARN_SUSPICIOUS_MOVE = YES;
				CLANG_WARN_UNGUARDED_AVAILABILITY = YES_AGGRESSIVE;
				CLANG_WARN_UNREACHABLE_CODE = YES;
				CLANG_WARN__DUPLICATE_METHOD_MATCH = YES;
				CODE_SIGN_IDENTITY = "iPhone Developer";
				COPY_PHASE_STRIP = NO;
				DEBUG_INFORMATION_FORMAT = "dwarf-with-dsym";
				ENABLE_NS_ASSERTIONS = NO;
				ENABLE_STRICT_OBJC_MSGSEND = YES;
				GCC_C_LANGUAGE_STANDARD = gnu11;
				GCC_NO_COMMON_BLOCKS = YES;
				GCC_WARN_64_TO_32_BIT_CONVERSION = YES;
				GCC_WARN_ABOUT_RETURN_TYPE = YES_ERROR;
				GCC_WARN_UNDECLARED_SELECTOR = YES;
				GCC_WARN_UNINITIALIZED_AUTOS = YES_AGGRESSIVE;
				GCC_WARN_UNUSED_FUNCTION = YES;
				GCC_WARN_UNUSED_VARIABLE = YES;
				IPHONEOS_DEPLOYMENT_TARGET = 11.0;
				MTL_ENABLE_DEBUG_INFO = NO;
				SDKROOT = iphoneos;
				SWIFT_OPTIMIZATION_LEVEL = "-Owholemodule";
				VALIDATE_PRODUCT = YES;
			};
			name = Release;
		};
		4415E2E31FA1AF930037AC0A /* Debug */ = {
			isa = XCBuildConfiguration;
			baseConfigurationReference = 7BA14D028080A0DD3E57730C /* Pods-iCharades2point0.debug.xcconfig */;
			buildSettings = {
				ASSETCATALOG_COMPILER_APPICON_NAME = AppIcon;
				CODE_SIGN_STYLE = Automatic;
				DEVELOPMENT_TEAM = G27YQ5M35G;
				INFOPLIST_FILE = iCharades2point0/Info.plist;
				LD_RUNPATH_SEARCH_PATHS = "$(inherited) @executable_path/Frameworks";
				PRODUCT_BUNDLE_IDENTIFIER = home.iCharades2point0;
				PRODUCT_NAME = "$(TARGET_NAME)";
				SWIFT_VERSION = 4.0;
				TARGETED_DEVICE_FAMILY = "1,2";
			};
			name = Debug;
		};
		4415E2E41FA1AF930037AC0A /* Release */ = {
			isa = XCBuildConfiguration;
			baseConfigurationReference = 3A8DA5F5C9361464D37019E1 /* Pods-iCharades2point0.release.xcconfig */;
			buildSettings = {
				ASSETCATALOG_COMPILER_APPICON_NAME = AppIcon;
				CODE_SIGN_STYLE = Automatic;
				DEVELOPMENT_TEAM = G27YQ5M35G;
				INFOPLIST_FILE = iCharades2point0/Info.plist;
				LD_RUNPATH_SEARCH_PATHS = "$(inherited) @executable_path/Frameworks";
				PRODUCT_BUNDLE_IDENTIFIER = home.iCharades2point0;
				PRODUCT_NAME = "$(TARGET_NAME)";
				SWIFT_VERSION = 4.0;
				TARGETED_DEVICE_FAMILY = "1,2";
			};
			name = Release;
		};
/* End XCBuildConfiguration section */

/* Begin XCConfigurationList section */
		4415E2CB1FA1AF930037AC0A /* Build configuration list for PBXProject "iCharades2point0" */ = {
			isa = XCConfigurationList;
			buildConfigurations = (
				4415E2E01FA1AF930037AC0A /* Debug */,
				4415E2E11FA1AF930037AC0A /* Release */,
			);
			defaultConfigurationIsVisible = 0;
			defaultConfigurationName = Release;
		};
		4415E2E21FA1AF930037AC0A /* Build configuration list for PBXNativeTarget "iCharades2point0" */ = {
			isa = XCConfigurationList;
			buildConfigurations = (
				4415E2E31FA1AF930037AC0A /* Debug */,
				4415E2E41FA1AF930037AC0A /* Release */,
			);
			defaultConfigurationIsVisible = 0;
			defaultConfigurationName = Release;
		};
/* End XCConfigurationList section */
	};
	rootObject = 4415E2C81FA1AF930037AC0A /* Project object */;
}
