// !$*UTF8*$!
{
	archiveVersion = 1;
	classes = {
	};
	objectVersion = 48;
	objects = {

/* Begin PBXBuildFile section */
		05DBA1701F9C48D700AB1FED /* AppDelegate.swift in Sources */ = {isa = PBXBuildFile; fileRef = 05DBA16F1F9C48D700AB1FED /* AppDelegate.swift */; };
		05DBA1721F9C48D700AB1FED /* ViewController.swift in Sources */ = {isa = PBXBuildFile; fileRef = 05DBA1711F9C48D700AB1FED /* ViewController.swift */; };
		05DBA1751F9C48D700AB1FED /* Main.storyboard in Resources */ = {isa = PBXBuildFile; fileRef = 05DBA1731F9C48D700AB1FED /* Main.storyboard */; };
		05DBA1771F9C48D700AB1FED /* Assets.xcassets in Resources */ = {isa = PBXBuildFile; fileRef = 05DBA1761F9C48D700AB1FED /* Assets.xcassets */; };
		05DBA17A1F9C48D700AB1FED /* LaunchScreen.storyboard in Resources */ = {isa = PBXBuildFile; fileRef = 05DBA1781F9C48D700AB1FED /* LaunchScreen.storyboard */; };
		05DBA1851F9C48D800AB1FED /* test1Tests.swift in Sources */ = {isa = PBXBuildFile; fileRef = 05DBA1841F9C48D800AB1FED /* test1Tests.swift */; };
		05DBA1901F9C48D800AB1FED /* test1UITests.swift in Sources */ = {isa = PBXBuildFile; fileRef = 05DBA18F1F9C48D800AB1FED /* test1UITests.swift */; };
/* End PBXBuildFile section */

/* Begin PBXContainerItemProxy section */
		05DBA1811F9C48D700AB1FED /* PBXContainerItemProxy */ = {
			isa = PBXContainerItemProxy;
			containerPortal = 05DBA1641F9C48D700AB1FED /* Project object */;
			proxyType = 1;
			remoteGlobalIDString = 05DBA16B1F9C48D700AB1FED;
			remoteInfo = test1;
		};
		05DBA18C1F9C48D800AB1FED /* PBXContainerItemProxy */ = {
			isa = PBXContainerItemProxy;
			containerPortal = 05DBA1641F9C48D700AB1FED /* Project object */;
			proxyType = 1;
			remoteGlobalIDString = 05DBA16B1F9C48D700AB1FED;
			remoteInfo = test1;
		};
/* End PBXContainerItemProxy section */

/* Begin PBXFileReference section */
		05DBA16C1F9C48D700AB1FED /* test1.app */ = {isa = PBXFileReference; explicitFileType = wrapper.application; includeInIndex = 0; path = test1.app; sourceTree = BUILT_PRODUCTS_DIR; };
		05DBA16F1F9C48D700AB1FED /* AppDelegate.swift */ = {isa = PBXFileReference; lastKnownFileType = sourcecode.swift; path = AppDelegate.swift; sourceTree = "<group>"; };
		05DBA1711F9C48D700AB1FED /* ViewController.swift */ = {isa = PBXFileReference; lastKnownFileType = sourcecode.swift; path = ViewController.swift; sourceTree = "<group>"; };
		05DBA1741F9C48D700AB1FED /* Base */ = {isa = PBXFileReference; lastKnownFileType = file.storyboard; name = Base; path = Base.lproj/Main.storyboard; sourceTree = "<group>"; };
		05DBA1761F9C48D700AB1FED /* Assets.xcassets */ = {isa = PBXFileReference; lastKnownFileType = folder.assetcatalog; path = Assets.xcassets; sourceTree = "<group>"; };
		05DBA1791F9C48D700AB1FED /* Base */ = {isa = PBXFileReference; lastKnownFileType = file.storyboard; name = Base; path = Base.lproj/LaunchScreen.storyboard; sourceTree = "<group>"; };
		05DBA17B1F9C48D700AB1FED /* Info.plist */ = {isa = PBXFileReference; lastKnownFileType = text.plist.xml; path = Info.plist; sourceTree = "<group>"; };
		05DBA1801F9C48D700AB1FED /* test1Tests.xctest */ = {isa = PBXFileReference; explicitFileType = wrapper.cfbundle; includeInIndex = 0; path = test1Tests.xctest; sourceTree = BUILT_PRODUCTS_DIR; };
		05DBA1841F9C48D800AB1FED /* test1Tests.swift */ = {isa = PBXFileReference; lastKnownFileType = sourcecode.swift; path = test1Tests.swift; sourceTree = "<group>"; };
		05DBA1861F9C48D800AB1FED /* Info.plist */ = {isa = PBXFileReference; lastKnownFileType = text.plist.xml; path = Info.plist; sourceTree = "<group>"; };
		05DBA18B1F9C48D800AB1FED /* test1UITests.xctest */ = {isa = PBXFileReference; explicitFileType = wrapper.cfbundle; includeInIndex = 0; path = test1UITests.xctest; sourceTree = BUILT_PRODUCTS_DIR; };
		05DBA18F1F9C48D800AB1FED /* test1UITests.swift */ = {isa = PBXFileReference; lastKnownFileType = sourcecode.swift; path = test1UITests.swift; sourceTree = "<group>"; };
		05DBA1911F9C48D800AB1FED /* Info.plist */ = {isa = PBXFileReference; lastKnownFileType = text.plist.xml; path = Info.plist; sourceTree = "<group>"; };
/* End PBXFileReference section */

/* Begin PBXFrameworksBuildPhase section */
		05DBA1691F9C48D700AB1FED /* Frameworks */ = {
			isa = PBXFrameworksBuildPhase;
			buildActionMask = 2147483647;
			files = (
			);
			runOnlyForDeploymentPostprocessing = 0;
		};
		05DBA17D1F9C48D700AB1FED /* Frameworks */ = {
			isa = PBXFrameworksBuildPhase;
			buildActionMask = 2147483647;
			files = (
			);
			runOnlyForDeploymentPostprocessing = 0;
		};
		05DBA1881F9C48D800AB1FED /* Frameworks */ = {
			isa = PBXFrameworksBuildPhase;
			buildActionMask = 2147483647;
			files = (
			);
			runOnlyForDeploymentPostprocessing = 0;
		};
/* End PBXFrameworksBuildPhase section */

/* Begin PBXGroup section */
		05DBA1631F9C48D700AB1FED = {
			isa = PBXGroup;
			children = (
				05DBA16E1F9C48D700AB1FED /* test1 */,
				05DBA1831F9C48D800AB1FED /* test1Tests */,
				05DBA18E1F9C48D800AB1FED /* test1UITests */,
				05DBA16D1F9C48D700AB1FED /* Products */,
			);
			sourceTree = "<group>";
		};
		05DBA16D1F9C48D700AB1FED /* Products */ = {
			isa = PBXGroup;
			children = (
				05DBA16C1F9C48D700AB1FED /* test1.app */,
				05DBA1801F9C48D700AB1FED /* test1Tests.xctest */,
				05DBA18B1F9C48D800AB1FED /* test1UITests.xctest */,
			);
			name = Products;
			sourceTree = "<group>";
		};
		05DBA16E1F9C48D700AB1FED /* test1 */ = {
			isa = PBXGroup;
			children = (
				05DBA16F1F9C48D700AB1FED /* AppDelegate.swift */,
				05DBA1711F9C48D700AB1FED /* ViewController.swift */,
				05DBA1731F9C48D700AB1FED /* Main.storyboard */,
				05DBA1761F9C48D700AB1FED /* Assets.xcassets */,
				05DBA1781F9C48D700AB1FED /* LaunchScreen.storyboard */,
				05DBA17B1F9C48D700AB1FED /* Info.plist */,
			);
			path = test1;
			sourceTree = "<group>";
		};
		05DBA1831F9C48D800AB1FED /* test1Tests */ = {
			isa = PBXGroup;
			children = (
				05DBA1841F9C48D800AB1FED /* test1Tests.swift */,
				05DBA1861F9C48D800AB1FED /* Info.plist */,
			);
			path = test1Tests;
			sourceTree = "<group>";
		};
		05DBA18E1F9C48D800AB1FED /* test1UITests */ = {
			isa = PBXGroup;
			children = (
				05DBA18F1F9C48D800AB1FED /* test1UITests.swift */,
				05DBA1911F9C48D800AB1FED /* Info.plist */,
			);
			path = test1UITests;
			sourceTree = "<group>";
		};
/* End PBXGroup section */

/* Begin PBXNativeTarget section */
		05DBA16B1F9C48D700AB1FED /* test1 */ = {
			isa = PBXNativeTarget;
			buildConfigurationList = 05DBA1941F9C48D800AB1FED /* Build configuration list for PBXNativeTarget "test1" */;
			buildPhases = (
				05DBA1681F9C48D700AB1FED /* Sources */,
				05DBA1691F9C48D700AB1FED /* Frameworks */,
				05DBA16A1F9C48D700AB1FED /* Resources */,
			);
			buildRules = (
			);
			dependencies = (
			);
			name = test1;
			productName = test1;
			productReference = 05DBA16C1F9C48D700AB1FED /* test1.app */;
			productType = "com.apple.product-type.application";
		};
		05DBA17F1F9C48D700AB1FED /* test1Tests */ = {
			isa = PBXNativeTarget;
			buildConfigurationList = 05DBA1971F9C48D800AB1FED /* Build configuration list for PBXNativeTarget "test1Tests" */;
			buildPhases = (
				05DBA17C1F9C48D700AB1FED /* Sources */,
				05DBA17D1F9C48D700AB1FED /* Frameworks */,
				05DBA17E1F9C48D700AB1FED /* Resources */,
			);
			buildRules = (
			);
			dependencies = (
				05DBA1821F9C48D700AB1FED /* PBXTargetDependency */,
			);
			name = test1Tests;
			productName = test1Tests;
			productReference = 05DBA1801F9C48D700AB1FED /* test1Tests.xctest */;
			productType = "com.apple.product-type.bundle.unit-test";
		};
		05DBA18A1F9C48D800AB1FED /* test1UITests */ = {
			isa = PBXNativeTarget;
			buildConfigurationList = 05DBA19A1F9C48D800AB1FED /* Build configuration list for PBXNativeTarget "test1UITests" */;
			buildPhases = (
				05DBA1871F9C48D800AB1FED /* Sources */,
				05DBA1881F9C48D800AB1FED /* Frameworks */,
				05DBA1891F9C48D800AB1FED /* Resources */,
			);
			buildRules = (
			);
			dependencies = (
				05DBA18D1F9C48D800AB1FED /* PBXTargetDependency */,
			);
			name = test1UITests;
			productName = test1UITests;
			productReference = 05DBA18B1F9C48D800AB1FED /* test1UITests.xctest */;
			productType = "com.apple.product-type.bundle.ui-testing";
		};
/* End PBXNativeTarget section */

/* Begin PBXProject section */
		05DBA1641F9C48D700AB1FED /* Project object */ = {
			isa = PBXProject;
			attributes = {
				LastSwiftUpdateCheck = 0900;
				LastUpgradeCheck = 0900;
				ORGANIZATIONNAME = "Mischka Kamener";
				TargetAttributes = {
					05DBA16B1F9C48D700AB1FED = {
						CreatedOnToolsVersion = 9.0.1;
						ProvisioningStyle = Automatic;
					};
					05DBA17F1F9C48D700AB1FED = {
						CreatedOnToolsVersion = 9.0.1;
						ProvisioningStyle = Automatic;
						TestTargetID = 05DBA16B1F9C48D700AB1FED;
					};
					05DBA18A1F9C48D800AB1FED = {
						CreatedOnToolsVersion = 9.0.1;
						ProvisioningStyle = Automatic;
						TestTargetID = 05DBA16B1F9C48D700AB1FED;
					};
				};
			};
			buildConfigurationList = 05DBA1671F9C48D700AB1FED /* Build configuration list for PBXProject "test1" */;
			compatibilityVersion = "Xcode 8.0";
			developmentRegion = en;
			hasScannedForEncodings = 0;
			knownRegions = (
				en,
				Base,
			);
			mainGroup = 05DBA1631F9C48D700AB1FED;
			productRefGroup = 05DBA16D1F9C48D700AB1FED /* Products */;
			projectDirPath = "";
			projectRoot = "";
			targets = (
				05DBA16B1F9C48D700AB1FED /* test1 */,
				05DBA17F1F9C48D700AB1FED /* test1Tests */,
				05DBA18A1F9C48D800AB1FED /* test1UITests */,
			);
		};
/* End PBXProject section */

/* Begin PBXResourcesBuildPhase section */
		05DBA16A1F9C48D700AB1FED /* Resources */ = {
			isa = PBXResourcesBuildPhase;
			buildActionMask = 2147483647;
			files = (
				05DBA17A1F9C48D700AB1FED /* LaunchScreen.storyboard in Resources */,
				05DBA1771F9C48D700AB1FED /* Assets.xcassets in Resources */,
				05DBA1751F9C48D700AB1FED /* Main.storyboard in Resources */,
			);
			runOnlyForDeploymentPostprocessing = 0;
		};
		05DBA17E1F9C48D700AB1FED /* Resources */ = {
			isa = PBXResourcesBuildPhase;
			buildActionMask = 2147483647;
			files = (
			);
			runOnlyForDeploymentPostprocessing = 0;
		};
		05DBA1891F9C48D800AB1FED /* Resources */ = {
			isa = PBXResourcesBuildPhase;
			buildActionMask = 2147483647;
			files = (
			);
			runOnlyForDeploymentPostprocessing = 0;
		};
/* End PBXResourcesBuildPhase section */

/* Begin PBXSourcesBuildPhase section */
		05DBA1681F9C48D700AB1FED /* Sources */ = {
			isa = PBXSourcesBuildPhase;
			buildActionMask = 2147483647;
			files = (
				05DBA1721F9C48D700AB1FED /* ViewController.swift in Sources */,
				05DBA1701F9C48D700AB1FED /* AppDelegate.swift in Sources */,
			);
			runOnlyForDeploymentPostprocessing = 0;
		};
		05DBA17C1F9C48D700AB1FED /* Sources */ = {
			isa = PBXSourcesBuildPhase;
			buildActionMask = 2147483647;
			files = (
				05DBA1851F9C48D800AB1FED /* test1Tests.swift in Sources */,
			);
			runOnlyForDeploymentPostprocessing = 0;
		};
		05DBA1871F9C48D800AB1FED /* Sources */ = {
			isa = PBXSourcesBuildPhase;
			buildActionMask = 2147483647;
			files = (
				05DBA1901F9C48D800AB1FED /* test1UITests.swift in Sources */,
			);
			runOnlyForDeploymentPostprocessing = 0;
		};
/* End PBXSourcesBuildPhase section */

/* Begin PBXTargetDependency section */
		05DBA1821F9C48D700AB1FED /* PBXTargetDependency */ = {
			isa = PBXTargetDependency;
			target = 05DBA16B1F9C48D700AB1FED /* test1 */;
			targetProxy = 05DBA1811F9C48D700AB1FED /* PBXContainerItemProxy */;
		};
		05DBA18D1F9C48D800AB1FED /* PBXTargetDependency */ = {
			isa = PBXTargetDependency;
			target = 05DBA16B1F9C48D700AB1FED /* test1 */;
			targetProxy = 05DBA18C1F9C48D800AB1FED /* PBXContainerItemProxy */;
		};
/* End PBXTargetDependency section */

/* Begin PBXVariantGroup section */
		05DBA1731F9C48D700AB1FED /* Main.storyboard */ = {
			isa = PBXVariantGroup;
			children = (
				05DBA1741F9C48D700AB1FED /* Base */,
			);
			name = Main.storyboard;
			sourceTree = "<group>";
		};
		05DBA1781F9C48D700AB1FED /* LaunchScreen.storyboard */ = {
			isa = PBXVariantGroup;
			children = (
				05DBA1791F9C48D700AB1FED /* Base */,
			);
			name = LaunchScreen.storyboard;
			sourceTree = "<group>";
		};
/* End PBXVariantGroup section */

/* Begin XCBuildConfiguration section */
		05DBA1921F9C48D800AB1FED /* Debug */ = {
			isa = XCBuildConfiguration;
			buildSettings = {
				ALWAYS_SEARCH_USER_PATHS = NO;
				CLANG_ANALYZER_NONNULL = YES;
				CLANG_ANALYZER_NUMBER_OBJECT_CONVERSION = YES_AGGRESSIVE;
				CLANG_CXX_LANGUAGE_STANDARD = "gnu++14";
				CLANG_CXX_LIBRARY = "libc++";
				CLANG_ENABLE_MODULES = YES;
				CLANG_ENABLE_OBJC_ARC = YES;
				CLANG_WARN_BLOCK_CAPTURE_AUTORELEASING = YES;
				CLANG_WARN_BOOL_CONVERSION = YES;
				CLANG_WARN_COMMA = YES;
				CLANG_WARN_CONSTANT_CONVERSION = YES;
				CLANG_WARN_DIRECT_OBJC_ISA_USAGE = YES_ERROR;
				CLANG_WARN_DOCUMENTATION_COMMENTS = YES;
				CLANG_WARN_EMPTY_BODY = YES;
				CLANG_WARN_ENUM_CONVERSION = YES;
				CLANG_WARN_INFINITE_RECURSION = YES;
				CLANG_WARN_INT_CONVERSION = YES;
				CLANG_WARN_NON_LITERAL_NULL_CONVERSION = YES;
				CLANG_WARN_OBJC_LITERAL_CONVERSION = YES;
				CLANG_WARN_OBJC_ROOT_CLASS = YES_ERROR;
				CLANG_WARN_RANGE_LOOP_ANALYSIS = YES;
				CLANG_WARN_STRICT_PROTOTYPES = YES;
				CLANG_WARN_SUSPICIOUS_MOVE = YES;
				CLANG_WARN_UNGUARDED_AVAILABILITY = YES_AGGRESSIVE;
				CLANG_WARN_UNREACHABLE_CODE = YES;
				CLANG_WARN__DUPLICATE_METHOD_MATCH = YES;
				CODE_SIGN_IDENTITY = "iPhone Developer";
				COPY_PHASE_STRIP = NO;
				DEBUG_INFORMATION_FORMAT = dwarf;
				ENABLE_STRICT_OBJC_MSGSEND = YES;
				ENABLE_TESTABILITY = YES;
				GCC_C_LANGUAGE_STANDARD = gnu11;
				GCC_DYNAMIC_NO_PIC = NO;
				GCC_NO_COMMON_BLOCKS = YES;
				GCC_OPTIMIZATION_LEVEL = 0;
				GCC_PREPROCESSOR_DEFINITIONS = (
					"DEBUG=1",
					"$(inherited)",
				);
				GCC_WARN_64_TO_32_BIT_CONVERSION = YES;
				GCC_WARN_ABOUT_RETURN_TYPE = YES_ERROR;
				GCC_WARN_UNDECLARED_SELECTOR = YES;
				GCC_WARN_UNINITIALIZED_AUTOS = YES_AGGRESSIVE;
				GCC_WARN_UNUSED_FUNCTION = YES;
				GCC_WARN_UNUSED_VARIABLE = YES;
				IPHONEOS_DEPLOYMENT_TARGET = 11.0;
				MTL_ENABLE_DEBUG_INFO = YES;
				ONLY_ACTIVE_ARCH = YES;
				SDKROOT = iphoneos;
				SWIFT_ACTIVE_COMPILATION_CONDITIONS = DEBUG;
				SWIFT_OPTIMIZATION_LEVEL = "-Onone";
			};
			name = Debug;
		};
		05DBA1931F9C48D800AB1FED /* Release */ = {
			isa = XCBuildConfiguration;
			buildSettings = {
				ALWAYS_SEARCH_USER_PATHS = NO;
				CLANG_ANALYZER_NONNULL = YES;
				CLANG_ANALYZER_NUMBER_OBJECT_CONVERSION = YES_AGGRESSIVE;
				CLANG_CXX_LANGUAGE_STANDARD = "gnu++14";
				CLANG_CXX_LIBRARY = "libc++";
				CLANG_ENABLE_MODULES = YES;
				CLANG_ENABLE_OBJC_ARC = YES;
				CLANG_WARN_BLOCK_CAPTURE_AUTORELEASING = YES;
				CLANG_WARN_BOOL_CONVERSION = YES;
				CLANG_WARN_COMMA = YES;
				CLANG_WARN_CONSTANT_CONVERSION = YES;
				CLANG_WARN_DIRECT_OBJC_ISA_USAGE = YES_ERROR;
				CLANG_WARN_DOCUMENTATION_COMMENTS = YES;
				CLANG_WARN_EMPTY_BODY = YES;
				CLANG_WARN_ENUM_CONVERSION = YES;
				CLANG_WARN_INFINITE_RECURSION = YES;
				CLANG_WARN_INT_CONVERSION = YES;
				CLANG_WARN_NON_LITERAL_NULL_CONVERSION = YES;
				CLANG_WARN_OBJC_LITERAL_CONVERSION = YES;
				CLANG_WARN_OBJC_ROOT_CLASS = YES_ERROR;
				CLANG_WARN_RANGE_LOOP_ANALYSIS = YES;
				CLANG_WARN_STRICT_PROTOTYPES = YES;
				CLANG_WARN_SUSPICIOUS_MOVE = YES;
				CLANG_WARN_UNGUARDED_AVAILABILITY = YES_AGGRESSIVE;
				CLANG_WARN_UNREACHABLE_CODE = YES;
				CLANG_WARN__DUPLICATE_METHOD_MATCH = YES;
				CODE_SIGN_IDENTITY = "iPhone Developer";
				COPY_PHASE_STRIP = NO;
				DEBUG_INFORMATION_FORMAT = "dwarf-with-dsym";
				ENABLE_NS_ASSERTIONS = NO;
				ENABLE_STRICT_OBJC_MSGSEND = YES;
				GCC_C_LANGUAGE_STANDARD = gnu11;
				GCC_NO_COMMON_BLOCKS = YES;
				GCC_WARN_64_TO_32_BIT_CONVERSION = YES;
				GCC_WARN_ABOUT_RETURN_TYPE = YES_ERROR;
				GCC_WARN_UNDECLARED_SELECTOR = YES;
				GCC_WARN_UNINITIALIZED_AUTOS = YES_AGGRESSIVE;
				GCC_WARN_UNUSED_FUNCTION = YES;
				GCC_WARN_UNUSED_VARIABLE = YES;
				IPHONEOS_DEPLOYMENT_TARGET = 11.0;
				MTL_ENABLE_DEBUG_INFO = NO;
				SDKROOT = iphoneos;
				SWIFT_OPTIMIZATION_LEVEL = "-Owholemodule";
				VALIDATE_PRODUCT = YES;
			};
			name = Release;
		};
		05DBA1951F9C48D800AB1FED /* Debug */ = {
			isa = XCBuildConfiguration;
			buildSettings = {
				ASSETCATALOG_COMPILER_APPICON_NAME = AppIcon;
				CODE_SIGN_STYLE = Automatic;
				INFOPLIST_FILE = test1/Info.plist;
				LD_RUNPATH_SEARCH_PATHS = "$(inherited) @executable_path/Frameworks";
				PRODUCT_BUNDLE_IDENTIFIER = mk.test1;
				PRODUCT_NAME = "$(TARGET_NAME)";
				SWIFT_VERSION = 4.0;
				TARGETED_DEVICE_FAMILY = "1,2";
			};
			name = Debug;
		};
		05DBA1961F9C48D800AB1FED /* Release */ = {
			isa = XCBuildConfiguration;
			buildSettings = {
				ASSETCATALOG_COMPILER_APPICON_NAME = AppIcon;
				CODE_SIGN_STYLE = Automatic;
				INFOPLIST_FILE = test1/Info.plist;
				LD_RUNPATH_SEARCH_PATHS = "$(inherited) @executable_path/Frameworks";
				PRODUCT_BUNDLE_IDENTIFIER = mk.test1;
				PRODUCT_NAME = "$(TARGET_NAME)";
				SWIFT_VERSION = 4.0;
				TARGETED_DEVICE_FAMILY = "1,2";
			};
			name = Release;
		};
		05DBA1981F9C48D800AB1FED /* Debug */ = {
			isa = XCBuildConfiguration;
			buildSettings = {
				ALWAYS_EMBED_SWIFT_STANDARD_LIBRARIES = YES;
				BUNDLE_LOADER = "$(TEST_HOST)";
				CODE_SIGN_STYLE = Automatic;
				INFOPLIST_FILE = test1Tests/Info.plist;
				LD_RUNPATH_SEARCH_PATHS = "$(inherited) @executable_path/Frameworks @loader_path/Frameworks";
				PRODUCT_BUNDLE_IDENTIFIER = mk.test1Tests;
				PRODUCT_NAME = "$(TARGET_NAME)";
				SWIFT_VERSION = 4.0;
				TARGETED_DEVICE_FAMILY = "1,2";
				TEST_HOST = "$(BUILT_PRODUCTS_DIR)/test1.app/test1";
			};
			name = Debug;
		};
		05DBA1991F9C48D800AB1FED /* Release */ = {
			isa = XCBuildConfiguration;
			buildSettings = {
				ALWAYS_EMBED_SWIFT_STANDARD_LIBRARIES = YES;
				BUNDLE_LOADER = "$(TEST_HOST)";
				CODE_SIGN_STYLE = Automatic;
				INFOPLIST_FILE = test1Tests/Info.plist;
				LD_RUNPATH_SEARCH_PATHS = "$(inherited) @executable_path/Frameworks @loader_path/Frameworks";
				PRODUCT_BUNDLE_IDENTIFIER = mk.test1Tests;
				PRODUCT_NAME = "$(TARGET_NAME)";
				SWIFT_VERSION = 4.0;
				TARGETED_DEVICE_FAMILY = "1,2";
				TEST_HOST = "$(BUILT_PRODUCTS_DIR)/test1.app/test1";
			};
			name = Release;
		};
		05DBA19B1F9C48D800AB1FED /* Debug */ = {
			isa = XCBuildConfiguration;
			buildSettings = {
				ALWAYS_EMBED_SWIFT_STANDARD_LIBRARIES = YES;
				CODE_SIGN_STYLE = Automatic;
				INFOPLIST_FILE = test1UITests/Info.plist;
				LD_RUNPATH_SEARCH_PATHS = "$(inherited) @executable_path/Frameworks @loader_path/Frameworks";
				PRODUCT_BUNDLE_IDENTIFIER = mk.test1UITests;
				PRODUCT_NAME = "$(TARGET_NAME)";
				SWIFT_VERSION = 4.0;
				TARGETED_DEVICE_FAMILY = "1,2";
				TEST_TARGET_NAME = test1;
			};
			name = Debug;
		};
		05DBA19C1F9C48D800AB1FED /* Release */ = {
			isa = XCBuildConfiguration;
			buildSettings = {
				ALWAYS_EMBED_SWIFT_STANDARD_LIBRARIES = YES;
				CODE_SIGN_STYLE = Automatic;
				INFOPLIST_FILE = test1UITests/Info.plist;
				LD_RUNPATH_SEARCH_PATHS = "$(inherited) @executable_path/Frameworks @loader_path/Frameworks";
				PRODUCT_BUNDLE_IDENTIFIER = mk.test1UITests;
				PRODUCT_NAME = "$(TARGET_NAME)";
				SWIFT_VERSION = 4.0;
				TARGETED_DEVICE_FAMILY = "1,2";
				TEST_TARGET_NAME = test1;
			};
			name = Release;
		};
/* End XCBuildConfiguration section */

/* Begin XCConfigurationList section */
		05DBA1671F9C48D700AB1FED /* Build configuration list for PBXProject "test1" */ = {
			isa = XCConfigurationList;
			buildConfigurations = (
				05DBA1921F9C48D800AB1FED /* Debug */,
				05DBA1931F9C48D800AB1FED /* Release */,
			);
			defaultConfigurationIsVisible = 0;
			defaultConfigurationName = Release;
		};
		05DBA1941F9C48D800AB1FED /* Build configuration list for PBXNativeTarget "test1" */ = {
			isa = XCConfigurationList;
			buildConfigurations = (
				05DBA1951F9C48D800AB1FED /* Debug */,
				05DBA1961F9C48D800AB1FED /* Release */,
			);
			defaultConfigurationIsVisible = 0;
			defaultConfigurationName = Release;
		};
		05DBA1971F9C48D800AB1FED /* Build configuration list for PBXNativeTarget "test1Tests" */ = {
			isa = XCConfigurationList;
			buildConfigurations = (
				05DBA1981F9C48D800AB1FED /* Debug */,
				05DBA1991F9C48D800AB1FED /* Release */,
			);
			defaultConfigurationIsVisible = 0;
			defaultConfigurationName = Release;
		};
		05DBA19A1F9C48D800AB1FED /* Build configuration list for PBXNativeTarget "test1UITests" */ = {
			isa = XCConfigurationList;
			buildConfigurations = (
				05DBA19B1F9C48D800AB1FED /* Debug */,
				05DBA19C1F9C48D800AB1FED /* Release */,
			);
			defaultConfigurationIsVisible = 0;
			defaultConfigurationName = Release;
		};
/* End XCConfigurationList section */
	};
	rootObject = 05DBA1641F9C48D700AB1FED /* Project object */;
}
